{
  "name": "cross-chain-dex-ui",
  "version": "0.1.0",
  "lockfileVersion": 2,
  "requires": true,
  "packages": {
    "": {
      "name": "cross-chain-dex-ui",
      "version": "0.1.0",
      "dependencies": {
        "@rainbow-me/rainbowkit": "^2.1.2",
        "@tanstack/react-query": "^5.28.4",
        "react": "^18.2.0",
        "react-dom": "^18.2.0",
        "react-hot-toast": "^2.4.1",
        "viem": "^2.21.0",
        "wagmi": "^2.12.0"
      },
      "devDependencies": {
        "@types/react": "^18.2.66",
        "@types/react-dom": "^18.2.22",
        "@typescript-eslint/eslint-plugin": "^7.2.0",
        "@typescript-eslint/parser": "^7.2.0",
        "@vitejs/plugin-react": "^4.2.1",
        "autoprefixer": "^10.4.19",
        "eslint": "^8.57.0",
        "eslint-plugin-react-hooks": "^4.6.0",
        "eslint-plugin-react-refresh": "^0.4.6",
        "postcss": "^8.4.38",
        "tailwindcss": "^3.4.3",
        "typescript": "^5.2.2",
        "vite": "^5.2.0"
      }
    },
    "../../node_modules/.pnpm/@rainbow-me+rainbowkit@2.2.10_@tanstack+react-query@5.90.20_react@18.3.1__@types+react@18.3.2_z7p6yv7eoethumspe5pnw66ota/node_modules/@rainbow-me/rainbowkit": {
      "version": "2.2.10",
      "license": "MIT",
      "dependencies": {
        "@vanilla-extract/css": "1.17.3",
        "@vanilla-extract/dynamic": "2.1.4",
        "@vanilla-extract/sprinkles": "1.6.4",
        "clsx": "2.1.1",
        "cuer": "0.0.3",
        "react-remove-scroll": "2.6.2",
        "ua-parser-js": "^1.0.37"
      },
      "devDependencies": {
        "@testing-library/dom": "^10.4.0",
        "@testing-library/jest-dom": "^6.6.3",
        "@testing-library/react": "^16.1.0",
        "@testing-library/user-event": "^14.5.2",
        "@types/ua-parser-js": "^0.7.39",
        "@vanilla-extract/css-utils": "0.1.5",
        "@vanilla-extract/private": "1.0.8",
        "autoprefixer": "^10.4.21",
        "dotenv": "^16.4.5",
        "jsdom": "^25.0.0",
        "msw": "^2.11.2",
        "nock": "^13.4.0",
        "postcss": "^8.5.5",
        "react": "^19.1.2",
        "vitest": "2.1.9"
      },
      "engines": {
        "node": ">=12.4"
      },
      "peerDependencies": {
        "@tanstack/react-query": ">=5.0.0",
        "react": ">=18",
        "react-dom": ">=18",
        "viem": "2.x",
        "wagmi": "^2.9.0"
      }
    },
    "../../node_modules/.pnpm/@tanstack+react-query@5.90.20_react@18.3.1/node_modules/@tanstack/react-query": {
      "version": "5.90.20",
      "license": "MIT",
      "dependencies": {
        "@tanstack/query-core": "5.90.20"
      },
      "devDependencies": {
        "@tanstack/query-persist-client-core": "5.91.19",
        "@tanstack/query-test-utils": "0.0.0",
        "@testing-library/react": "^16.1.0",
        "@testing-library/react-render-stream": "^2.0.2",
        "@types/react": "^19.2.7",
        "@types/react-dom": "^19.2.3",
        "@vitejs/plugin-react": "^4.3.4",
        "cpy-cli": "^5.0.0",
        "npm-run-all2": "^5.0.0",
        "react": "^19.2.1",
        "react-dom": "^19.2.1",
        "react-error-boundary": "^4.1.2"
      },
      "funding": {
        "type": "github",
        "url": "https://github.com/sponsors/tannerlinsley"
      },
      "peerDependencies": {
        "react": "^18 || ^19"
      }
    },
    "../../node_modules/.pnpm/@types+react-dom@18.3.7_@types+react@18.3.27/node_modules/@types/react-dom": {
      "version": "18.3.7",
      "dev": true,
      "license": "MIT",
      "peerDependencies": {
        "@types/react": "^18.0.0"
      }
    },
    "../../node_modules/.pnpm/@types+react@18.3.27/node_modules/@types/react": {
      "version": "18.3.27",
      "dev": true,
      "license": "MIT",
      "dependencies": {
        "@types/prop-types": "*",
        "csstype": "^3.2.2"
      }
    },
    "../../node_modules/.pnpm/@typescript-eslint+eslint-plugin@7.18.0_@typescript-eslint+parser@7.18.0_eslint@8.57.1_typesc_3fte5ekedzutbuj7523a434ppe/node_modules/@typescript-eslint/eslint-plugin": {
      "version": "7.18.0",
      "dev": true,
      "license": "MIT",
      "dependencies": {
        "@eslint-community/regexpp": "^4.10.0",
        "@typescript-eslint/scope-manager": "7.18.0",
        "@typescript-eslint/type-utils": "7.18.0",
        "@typescript-eslint/utils": "7.18.0",
        "@typescript-eslint/visitor-keys": "7.18.0",
        "graphemer": "^1.4.0",
        "ignore": "^5.3.1",
        "natural-compare": "^1.4.0",
        "ts-api-utils": "^1.3.0"
      },
      "devDependencies": {
        "@jest/types": "29.6.3",
        "@types/marked": "^5.0.2",
        "@types/mdast": "^4.0.3",
        "@types/natural-compare": "*",
        "@typescript-eslint/rule-schema-to-typescript-types": "7.18.0",
        "@typescript-eslint/rule-tester": "7.18.0",
        "ajv": "^6.12.6",
        "cross-env": "^7.0.3",
        "cross-fetch": "*",
        "eslint": "*",
        "espree": "^10.0.1",
        "jest": "29.7.0",
        "jest-specific-snapshot": "^8.0.0",
        "json-schema": "*",
        "markdown-table": "^3.0.3",
        "marked": "^5.1.2",
        "mdast-util-from-markdown": "^2.0.0",
        "mdast-util-mdx": "^3.0.0",
        "micromark-extension-mdxjs": "^3.0.0",
        "prettier": "^3.2.5",
        "rimraf": "*",
        "title-case": "^3.0.3",
        "tsx": "*",
        "typescript": "*",
        "unist-util-visit": "^5.0.0"
      },
      "engines": {
        "node": "^18.18.0 || >=20.0.0"
      },
      "funding": {
        "type": "opencollective",
        "url": "https://opencollective.com/typescript-eslint"
      },
      "peerDependencies": {
        "@typescript-eslint/parser": "^7.0.0",
        "eslint": "^8.56.0"
      },
      "peerDependenciesMeta": {
        "typescript": {
          "optional": true
        }
      }
    },
    "../../node_modules/.pnpm/@typescript-eslint+parser@7.18.0_eslint@8.57.1_typescript@5.9.3/node_modules/@typescript-eslint/parser": {
      "version": "7.18.0",
      "dev": true,
      "license": "BSD-2-Clause",
      "dependencies": {
        "@typescript-eslint/scope-manager": "7.18.0",
        "@typescript-eslint/types": "7.18.0",
        "@typescript-eslint/typescript-estree": "7.18.0",
        "@typescript-eslint/visitor-keys": "7.18.0",
        "debug": "^4.3.4"
      },
      "devDependencies": {
        "@jest/types": "29.6.3",
        "@types/glob": "*",
        "downlevel-dts": "*",
        "glob": "*",
        "jest": "29.7.0",
        "prettier": "^3.2.5",
        "rimraf": "*",
        "typescript": "*"
      },
      "engines": {
        "node": "^18.18.0 || >=20.0.0"
      },
      "funding": {
        "type": "opencollective",
        "url": "https://opencollective.com/typescript-eslint"
      },
      "peerDependencies": {
        "eslint": "^8.56.0"
      },
      "peerDependenciesMeta": {
        "typescript": {
          "optional": true
        }
      }
    },
    "../../node_modules/.pnpm/@vitejs+plugin-react@4.7.0_vite@5.4.21_@types+node@20.19.24_terser@5.44.1_/node_modules/@vitejs/plugin-react": {
      "version": "4.7.0",
      "dev": true,
      "license": "MIT",
      "dependencies": {
        "@babel/core": "^7.28.0",
        "@babel/plugin-transform-react-jsx-self": "^7.27.1",
        "@babel/plugin-transform-react-jsx-source": "^7.27.1",
        "@rolldown/pluginutils": "1.0.0-beta.27",
        "@types/babel__core": "^7.20.5",
        "react-refresh": "^0.17.0"
      },
      "devDependencies": {
        "@vitejs/react-common": "workspace:*",
        "babel-plugin-react-compiler": "19.1.0-rc.2",
        "react": "^19.1.0",
        "react-dom": "^19.1.0",
        "rolldown": "1.0.0-beta.27",
        "tsdown": "^0.12.9",
        "vitest": "^3.2.4"
      },
      "engines": {
        "node": "^14.18.0 || >=16.0.0"
      },
      "peerDependencies": {
        "vite": "^4.2.0 || ^5.0.0 || ^6.0.0 || ^7.0.0"
      }
    },
    "../../node_modules/.pnpm/autoprefixer@10.4.21_postcss@8.5.6/node_modules/autoprefixer": {
      "version": "10.4.21",
      "dev": true,
      "funding": [
        {
          "type": "opencollective",
          "url": "https://opencollective.com/postcss/"
        },
        {
          "type": "tidelift",
          "url": "https://tidelift.com/funding/github/npm/autoprefixer"
        },
        {
          "type": "github",
          "url": "https://github.com/sponsors/ai"
        }
      ],
      "license": "MIT",
      "dependencies": {
        "browserslist": "^4.24.4",
        "caniuse-lite": "^1.0.30001702",
        "fraction.js": "^4.3.7",
        "normalize-range": "^0.1.2",
        "picocolors": "^1.1.1",
        "postcss-value-parser": "^4.2.0"
      },
      "bin": {
        "autoprefixer": "bin/autoprefixer"
      },
      "engines": {
        "node": "^10 || ^12 || >=14"
      },
      "peerDependencies": {
        "postcss": "^8.1.0"
      }
    },
    "../../node_modules/.pnpm/eslint-plugin-react-hooks@4.6.2_eslint@8.57.1/node_modules/eslint-plugin-react-hooks": {
      "version": "4.6.2",
      "dev": true,
      "license": "MIT",
      "devDependencies": {
        "@typescript-eslint/parser-v2": "npm:@typescript-eslint/parser@^2.26.0",
        "@typescript-eslint/parser-v3": "npm:@typescript-eslint/parser@^3.10.0",
        "@typescript-eslint/parser-v4": "npm:@typescript-eslint/parser@^4.1.0",
        "@typescript-eslint/parser-v5": "npm:@typescript-eslint/parser@^5.0.0-0"
      },
      "engines": {
        "node": ">=10"
      },
      "peerDependencies": {
        "eslint": "^3.0.0 || ^4.0.0 || ^5.0.0 || ^6.0.0 || ^7.0.0 || ^8.0.0-0"
      }
    },
    "../../node_modules/.pnpm/eslint-plugin-react-refresh@0.4.26_eslint@8.57.1/node_modules/eslint-plugin-react-refresh": {
      "version": "0.4.26",
      "dev": true,
      "license": "MIT",
      "peerDependencies": {
        "eslint": ">=8.40"
      }
    },
    "../../node_modules/.pnpm/eslint@8.57.1/node_modules/eslint": {
      "version": "8.57.1",
      "dev": true,
      "license": "MIT",
      "dependencies": {
        "@eslint-community/eslint-utils": "^4.2.0",
        "@eslint-community/regexpp": "^4.6.1",
        "@eslint/eslintrc": "^2.1.4",
        "@eslint/js": "8.57.1",
        "@humanwhocodes/config-array": "^0.13.0",
        "@humanwhocodes/module-importer": "^1.0.1",
        "@nodelib/fs.walk": "^1.2.8",
        "@ungap/structured-clone": "^1.2.0",
        "ajv": "^6.12.4",
        "chalk": "^4.0.0",
        "cross-spawn": "^7.0.2",
        "debug": "^4.3.2",
        "doctrine": "^3.0.0",
        "escape-string-regexp": "^4.0.0",
        "eslint-scope": "^7.2.2",
        "eslint-visitor-keys": "^3.4.3",
        "espree": "^9.6.1",
        "esquery": "^1.4.2",
        "esutils": "^2.0.2",
        "fast-deep-equal": "^3.1.3",
        "file-entry-cache": "^6.0.1",
        "find-up": "^5.0.0",
        "glob-parent": "^6.0.2",
        "globals": "^13.19.0",
        "graphemer": "^1.4.0",
        "ignore": "^5.2.0",
        "imurmurhash": "^0.1.4",
        "is-glob": "^4.0.0",
        "is-path-inside": "^3.0.3",
        "js-yaml": "^4.1.0",
        "json-stable-stringify-without-jsonify": "^1.0.1",
        "levn": "^0.4.1",
        "lodash.merge": "^4.6.2",
        "minimatch": "^3.1.2",
        "natural-compare": "^1.4.0",
        "optionator": "^0.9.3",
        "strip-ansi": "^6.0.1",
        "text-table": "^0.2.0"
      },
      "bin": {
        "eslint": "bin/eslint.js"
      },
      "devDependencies": {
        "@babel/core": "^7.4.3",
        "@babel/preset-env": "^7.4.3",
        "@sinonjs/fake-timers": "11.2.2",
        "@wdio/browser-runner": "^8.14.6",
        "@wdio/cli": "^8.14.6",
        "@wdio/concise-reporter": "^8.14.0",
        "@wdio/globals": "^8.14.6",
        "@wdio/mocha-framework": "^8.14.0",
        "babel-loader": "^8.0.5",
        "c8": "^7.12.0",
        "chai": "^4.0.1",
        "cheerio": "^0.22.0",
        "common-tags": "^1.8.0",
        "core-js": "^3.1.3",
        "ejs": "^3.0.2",
        "eslint": "file:.",
        "eslint-config-eslint": "file:packages/eslint-config-eslint",
        "eslint-plugin-eslint-comments": "^3.2.0",
        "eslint-plugin-eslint-plugin": "^5.2.1",
        "eslint-plugin-internal-rules": "file:tools/internal-rules",
        "eslint-plugin-jsdoc": "^46.2.5",
        "eslint-plugin-n": "^16.6.0",
        "eslint-plugin-unicorn": "^49.0.0",
        "eslint-release": "^3.3.0",
        "eslump": "^3.0.0",
        "esprima": "^4.0.1",
        "fast-glob": "^3.2.11",
        "fs-teardown": "^0.1.3",
        "glob": "^7.1.6",
        "got": "^11.8.3",
        "gray-matter": "^4.0.3",
        "lint-staged": "^11.0.0",
        "load-perf": "^0.2.0",
        "markdown-it": "^12.2.0",
        "markdown-it-container": "^3.0.0",
        "markdownlint": "^0.32.0",
        "markdownlint-cli": "^0.37.0",
        "marked": "^4.0.8",
        "memfs": "^3.0.1",
        "metascraper": "^5.25.7",
        "metascraper-description": "^5.25.7",
        "metascraper-image": "^5.29.3",
        "metascraper-logo": "^5.25.7",
        "metascraper-logo-favicon": "^5.25.7",
        "metascraper-title": "^5.25.7",
        "mocha": "^8.3.2",
        "mocha-junit-reporter": "^2.0.0",
        "node-polyfill-webpack-plugin": "^1.0.3",
        "npm-license": "^0.3.3",
        "pirates": "^4.0.5",
        "progress": "^2.0.3",
        "proxyquire": "^2.0.1",
        "recast": "^0.23.0",
        "regenerator-runtime": "^0.14.0",
        "rollup-plugin-node-polyfills": "^0.2.1",
        "semver": "^7.5.3",
        "shelljs": "^0.8.2",
        "sinon": "^11.0.0",
        "vite-plugin-commonjs": "0.10.1",
        "webdriverio": "^8.14.6",
        "webpack": "^5.23.0",
        "webpack-cli": "^4.5.0",
        "yorkie": "^2.0.0"
      },
      "engines": {
        "node": "^12.22.0 || ^14.17.0 || >=16.0.0"
      },
      "funding": {
        "url": "https://opencollective.com/eslint"
      }
    },
    "../../node_modules/.pnpm/postcss@8.5.6/node_modules/postcss": {
      "version": "8.5.6",
      "dev": true,
      "funding": [
        {
          "type": "opencollective",
          "url": "https://opencollective.com/postcss/"
        },
        {
          "type": "tidelift",
          "url": "https://tidelift.com/funding/github/npm/postcss"
        },
        {
          "type": "github",
          "url": "https://github.com/sponsors/ai"
        }
      ],
      "license": "MIT",
      "dependencies": {
        "nanoid": "^3.3.11",
        "picocolors": "^1.1.1",
        "source-map-js": "^1.2.1"
      },
      "engines": {
        "node": "^10 || ^12 || >=14"
      }
    },
    "../../node_modules/.pnpm/react-dom@18.3.1_react@18.3.1/node_modules/react-dom": {
      "version": "18.3.1",
      "license": "MIT",
      "dependencies": {
        "loose-envify": "^1.1.0",
        "scheduler": "^0.23.2"
      },
      "peerDependencies": {
        "react": "^18.3.1"
      }
    },
    "../../node_modules/.pnpm/react-hot-toast@2.6.0_react-dom@18.3.1_react@18.3.1__react@18.3.1/node_modules/react-hot-toast": {
      "version": "2.6.0",
      "license": "MIT",
      "dependencies": {
        "csstype": "^3.1.3",
        "goober": "^2.1.16"
      },
      "devDependencies": {
        "@jest/types": "^29.6.3",
        "@size-limit/preset-small-lib": "^7.0.8",
        "@testing-library/jest-dom": "^6.6.3",
        "@testing-library/react": "^16.1.0",
        "@types/jest": "^29.5.14",
        "@types/react": "^18.3.18",
        "@types/react-dom": "^18.3.5",
        "esbuild-minify-templates": "^0.13.1",
        "jest": "^29.7.0",
        "jest-environment-jsdom": "^29.7.0",
        "prettier": "^2.8.8",
        "react": "^18.3.1",
        "react-dom": "^18.3.1",
        "size-limit": "^7.0.8",
        "ts-jest": "^29.2.5",
        "tslib": "^2.8.1",
        "tsup": "^6.7.0",
        "typescript": "^5.7.2"
      },
      "engines": {
        "node": ">=10"
      },
      "peerDependencies": {
        "react": ">=16",
        "react-dom": ">=16"
      }
    },
    "../../node_modules/.pnpm/react@18.3.1/node_modules/react": {
      "version": "18.3.1",
      "license": "MIT",
      "dependencies": {
        "loose-envify": "^1.1.0"
      },
      "engines": {
        "node": ">=0.10.0"
      }
    },
    "../../node_modules/.pnpm/tailwindcss@3.4.18_yaml@2.8.1/node_modules/tailwindcss": {
      "version": "3.4.18",
      "dev": true,
      "license": "MIT",
      "dependencies": {
        "@alloc/quick-lru": "^5.2.0",
        "arg": "^5.0.2",
        "chokidar": "^3.6.0",
        "didyoumean": "^1.2.2",
        "dlv": "^1.1.3",
        "fast-glob": "^3.3.2",
        "glob-parent": "^6.0.2",
        "is-glob": "^4.0.3",
        "jiti": "^1.21.7",
        "lilconfig": "^3.1.3",
        "micromatch": "^4.0.8",
        "normalize-path": "^3.0.0",
        "object-hash": "^3.0.0",
        "picocolors": "^1.1.1",
        "postcss": "^8.4.47",
        "postcss-import": "^15.1.0",
        "postcss-js": "^4.0.1",
        "postcss-load-config": "^4.0.2 || ^5.0 || ^6.0",
        "postcss-nested": "^6.2.0",
        "postcss-selector-parser": "^6.1.2",
        "resolve": "^1.22.8",
        "sucrase": "^3.35.0"
      },
      "bin": {
        "tailwind": "lib/cli.js",
        "tailwindcss": "lib/cli.js"
      },
      "devDependencies": {
        "@swc/cli": "0.1.62",
        "@swc/core": "1.3.55",
        "@swc/jest": "0.2.26",
        "@swc/register": "0.1.10",
        "autoprefixer": "^10.4.20",
        "browserslist": "^4.24.0",
        "concurrently": "^8.2.2",
        "cssnano": "^6.1.2",
        "esbuild": "^0.24.0",
        "eslint": "^8.57.1",
        "eslint-config-prettier": "^8.10.0",
        "eslint-plugin-prettier": "^4.2.1",
        "jest": "^29.7.0",
        "jest-diff": "^29.7.0",
        "lightningcss": "1.27.0",
        "prettier": "^2.8.8",
        "rimraf": "^5.0.10",
        "source-map-js": "^1.2.1",
        "turbo": "^1.13.4"
      },
      "engines": {
        "node": ">=14.0.0"
      }
    },
    "../../node_modules/.pnpm/typescript@5.9.3/node_modules/typescript": {
      "version": "5.9.3",
      "dev": true,
      "license": "Apache-2.0",
      "bin": {
        "tsc": "bin/tsc",
        "tsserver": "bin/tsserver"
      },
      "devDependencies": {
        "@dprint/formatter": "^0.4.1",
        "@dprint/typescript": "0.93.4",
        "@esfx/canceltoken": "^1.0.0",
        "@eslint/js": "^9.20.0",
        "@octokit/rest": "^21.1.1",
        "@types/chai": "^4.3.20",
        "@types/diff": "^7.0.1",
        "@types/minimist": "^1.2.5",
        "@types/mocha": "^10.0.10",
        "@types/ms": "^0.7.34",
        "@types/node": "latest",
        "@types/source-map-support": "^0.5.10",
        "@types/which": "^3.0.4",
        "@typescript-eslint/rule-tester": "^8.24.1",
        "@typescript-eslint/type-utils": "^8.24.1",
        "@typescript-eslint/utils": "^8.24.1",
        "azure-devops-node-api": "^14.1.0",
        "c8": "^10.1.3",
        "chai": "^4.5.0",
        "chokidar": "^4.0.3",
        "diff": "^7.0.0",
        "dprint": "^0.49.0",
        "esbuild": "^0.25.0",
        "eslint": "^9.20.1",
        "eslint-formatter-autolinkable-stylish": "^1.4.0",
        "eslint-plugin-regexp": "^2.7.0",
        "fast-xml-parser": "^4.5.2",
        "glob": "^10.4.5",
        "globals": "^15.15.0",
        "hereby": "^1.10.0",
        "jsonc-parser": "^3.3.1",
        "knip": "^5.44.4",
        "minimist": "^1.2.8",
        "mocha": "^10.8.2",
        "mocha-fivemat-progress-reporter": "^0.1.0",
        "monocart-coverage-reports": "^2.12.1",
        "ms": "^2.1.3",
        "picocolors": "^1.1.1",
        "playwright": "^1.50.1",
        "source-map-support": "^0.5.21",
        "tslib": "^2.8.1",
        "typescript": "^5.7.3",
        "typescript-eslint": "^8.24.1",
        "which": "^3.0.1"
      },
      "engines": {
        "node": ">=14.17"
      }
    },
    "../../node_modules/.pnpm/viem@2.38.6_bufferutil@4.0.9_typescript@5.9.3_utf-8-validate@5.0.10_zod@3.25.76/node_modules/viem": {
      "version": "2.38.6",
      "funding": [
        {
          "type": "github",
          "url": "https://github.com/sponsors/wevm"
        }
      ],
      "license": "MIT",
      "dependencies": {
        "@noble/curves": "1.9.1",
        "@noble/hashes": "1.8.0",
        "@scure/bip32": "1.7.0",
        "@scure/bip39": "1.6.0",
        "abitype": "1.1.0",
        "isows": "1.0.7",
        "ox": "0.9.6",
        "ws": "8.18.3"
      },
      "peerDependencies": {
        "typescript": ">=5.0.4"
      },
      "peerDependenciesMeta": {
        "typescript": {
          "optional": true
        }
      }
    },
    "../../node_modules/.pnpm/vite@5.4.21_@types+node@20.19.24_terser@5.44.1/node_modules/vite": {
      "version": "5.4.21",
      "dev": true,
      "license": "MIT",
      "dependencies": {
        "esbuild": "^0.21.3",
        "postcss": "^8.4.43",
        "rollup": "^4.20.0"
      },
      "bin": {
        "vite": "bin/vite.js"
      },
      "devDependencies": {
        "@ampproject/remapping": "^2.3.0",
        "@babel/parser": "^7.25.6",
        "@jridgewell/trace-mapping": "^0.3.25",
        "@polka/compression": "^1.0.0-next.25",
        "@rollup/plugin-alias": "^5.1.0",
        "@rollup/plugin-commonjs": "^26.0.1",
        "@rollup/plugin-dynamic-import-vars": "^2.1.2",
        "@rollup/plugin-json": "^6.1.0",
        "@rollup/plugin-node-resolve": "15.2.3",
        "@rollup/pluginutils": "^5.1.0",
        "@types/escape-html": "^1.0.4",
        "@types/pnpapi": "^0.0.5",
        "artichokie": "^0.2.1",
        "cac": "^6.7.14",
        "chokidar": "^3.6.0",
        "connect": "^3.7.0",
        "convert-source-map": "^2.0.0",
        "cors": "^2.8.5",
        "cross-spawn": "^7.0.3",
        "debug": "^4.3.6",
        "dep-types": "link:./src/types",
        "dotenv": "^16.4.5",
        "dotenv-expand": "^11.0.6",
        "es-module-lexer": "^1.5.4",
        "escape-html": "^1.0.3",
        "estree-walker": "^3.0.3",
        "etag": "^1.8.1",
        "fast-glob": "^3.3.2",
        "http-proxy": "^1.18.1",
        "launch-editor-middleware": "^2.9.1",
        "lightningcss": "^1.26.0",
        "magic-string": "^0.30.11",
        "micromatch": "^4.0.8",
        "mlly": "^1.7.1",
        "mrmime": "^2.0.0",
        "open": "^8.4.2",
        "parse5": "^7.1.2",
        "pathe": "^1.1.2",
        "periscopic": "^4.0.2",
        "picocolors": "^1.0.1",
        "picomatch": "^2.3.1",
        "postcss-import": "^16.1.0",
        "postcss-load-config": "^4.0.2",
        "postcss-modules": "^6.0.0",
        "resolve.exports": "^2.0.2",
        "rollup-plugin-dts": "^6.1.1",
        "rollup-plugin-esbuild": "^6.1.1",
        "rollup-plugin-license": "^3.5.2",
        "sass": "^1.77.8",
        "sass-embedded": "^1.77.8",
        "sirv": "^2.0.4",
        "source-map-support": "^0.5.21",
        "strip-ansi": "^7.1.0",
        "strip-literal": "^2.1.0",
        "tsconfck": "^3.1.4",
        "tslib": "^2.7.0",
        "types": "link:./types",
        "ufo": "^1.5.4",
        "ws": "^8.18.0"
      },
      "engines": {
        "node": "^18.0.0 || >=20.0.0"
      },
      "funding": {
        "url": "https://github.com/vitejs/vite?sponsor=1"
      },
      "optionalDependencies": {
        "fsevents": "~2.3.3"
      },
      "peerDependencies": {
        "@types/node": "^18.0.0 || >=20.0.0",
        "less": "*",
        "lightningcss": "^1.21.0",
        "sass": "*",
        "sass-embedded": "*",
        "stylus": "*",
        "sugarss": "*",
        "terser": "^5.4.0"
      },
      "peerDependenciesMeta": {
        "@types/node": {
          "optional": true
        },
        "less": {
          "optional": true
        },
        "lightningcss": {
          "optional": true
        },
        "sass": {
          "optional": true
        },
        "sass-embedded": {
          "optional": true
        },
        "stylus": {
          "optional": true
        },
        "sugarss": {
          "optional": true
        },
        "terser": {
          "optional": true
        }
      }
    },
    "../../node_modules/.pnpm/wagmi@2.19.5_@tanstack+query-core@5.90.20_@tanstack+react-query@5.90.20_react@18.3.1__@types+_ayu76eobpq3uktyyl7a5wlimpm/node_modules/wagmi": {
      "version": "2.19.5",
      "license": "MIT",
      "dependencies": {
        "@wagmi/connectors": "6.2.0",
        "@wagmi/core": "2.22.1",
        "use-sync-external-store": "1.4.0"
      },
      "funding": {
        "url": "https://github.com/sponsors/wevm"
      },
      "peerDependencies": {
        "@tanstack/react-query": ">=5.0.0",
        "react": ">=18",
        "typescript": ">=5.0.4",
        "viem": "2.x"
      },
      "peerDependenciesMeta": {
        "typescript": {
          "optional": true
        }
      }
    },
    "node_modules/@rainbow-me/rainbowkit": {
      "resolved": "../../node_modules/.pnpm/@rainbow-me+rainbowkit@2.2.10_@tanstack+react-query@5.90.20_react@18.3.1__@types+react@18.3.2_z7p6yv7eoethumspe5pnw66ota/node_modules/@rainbow-me/rainbowkit",
      "link": true
    },
    "node_modules/@tanstack/react-query": {
      "resolved": "../../node_modules/.pnpm/@tanstack+react-query@5.90.20_react@18.3.1/node_modules/@tanstack/react-query",
      "link": true
    },
    "node_modules/@types/react": {
      "resolved": "../../node_modules/.pnpm/@types+react@18.3.27/node_modules/@types/react",
      "link": true
    },
    "node_modules/@types/react-dom": {
      "resolved": "../../node_modules/.pnpm/@types+react-dom@18.3.7_@types+react@18.3.27/node_modules/@types/react-dom",
      "link": true
    },
    "node_modules/@typescript-eslint/eslint-plugin": {
      "resolved": "../../node_modules/.pnpm/@typescript-eslint+eslint-plugin@7.18.0_@typescript-eslint+parser@7.18.0_eslint@8.57.1_typesc_3fte5ekedzutbuj7523a434ppe/node_modules/@typescript-eslint/eslint-plugin",
      "link": true
    },
    "node_modules/@typescript-eslint/parser": {
      "resolved": "../../node_modules/.pnpm/@typescript-eslint+parser@7.18.0_eslint@8.57.1_typescript@5.9.3/node_modules/@typescript-eslint/parser",
      "link": true
    },
    "node_modules/@vitejs/plugin-react": {
      "resolved": "../../node_modules/.pnpm/@vitejs+plugin-react@4.7.0_vite@5.4.21_@types+node@20.19.24_terser@5.44.1_/node_modules/@vitejs/plugin-react",
      "link": true
    },
    "node_modules/autoprefixer": {
      "resolved": "../../node_modules/.pnpm/autoprefixer@10.4.21_postcss@8.5.6/node_modules/autoprefixer",
      "link": true
    },
    "node_modules/eslint": {
      "resolved": "../../node_modules/.pnpm/eslint@8.57.1/node_modules/eslint",
      "link": true
    },
    "node_modules/eslint-plugin-react-hooks": {
      "resolved": "../../node_modules/.pnpm/eslint-plugin-react-hooks@4.6.2_eslint@8.57.1/node_modules/eslint-plugin-react-hooks",
      "link": true
    },
    "node_modules/eslint-plugin-react-refresh": {
      "resolved": "../../node_modules/.pnpm/eslint-plugin-react-refresh@0.4.26_eslint@8.57.1/node_modules/eslint-plugin-react-refresh",
      "link": true
    },
    "node_modules/postcss": {
      "resolved": "../../node_modules/.pnpm/postcss@8.5.6/node_modules/postcss",
      "link": true
    },
    "node_modules/react": {
      "resolved": "../../node_modules/.pnpm/react@18.3.1/node_modules/react",
      "link": true
    },
    "node_modules/react-dom": {
      "resolved": "../../node_modules/.pnpm/react-dom@18.3.1_react@18.3.1/node_modules/react-dom",
      "link": true
    },
    "node_modules/react-hot-toast": {
      "resolved": "../../node_modules/.pnpm/react-hot-toast@2.6.0_react-dom@18.3.1_react@18.3.1__react@18.3.1/node_modules/react-hot-toast",
      "link": true
    },
    "node_modules/tailwindcss": {
      "resolved": "../../node_modules/.pnpm/tailwindcss@3.4.18_yaml@2.8.1/node_modules/tailwindcss",
      "link": true
    },
    "node_modules/typescript": {
      "resolved": "../../node_modules/.pnpm/typescript@5.9.3/node_modules/typescript",
      "link": true
    },
    "node_modules/viem": {
      "resolved": "../../node_modules/.pnpm/viem@2.38.6_bufferutil@4.0.9_typescript@5.9.3_utf-8-validate@5.0.10_zod@3.25.76/node_modules/viem",
      "link": true
    },
    "node_modules/vite": {
      "resolved": "../../node_modules/.pnpm/vite@5.4.21_@types+node@20.19.24_terser@5.44.1/node_modules/vite",
      "link": true
    },
    "node_modules/wagmi": {
      "resolved": "../../node_modules/.pnpm/wagmi@2.19.5_@tanstack+query-core@5.90.20_@tanstack+react-query@5.90.20_react@18.3.1__@types+_ayu76eobpq3uktyyl7a5wlimpm/node_modules/wagmi",
      "link": true
    }
  },
  "dependencies": {
    "@rainbow-me/rainbowkit": {
      "version": "file:../../node_modules/.pnpm/@rainbow-me+rainbowkit@2.2.10_@tanstack+react-query@5.90.20_react@18.3.1__@types+react@18.3.2_z7p6yv7eoethumspe5pnw66ota/node_modules/@rainbow-me/rainbowkit",
      "requires": {
        "@testing-library/dom": "^10.4.0",
        "@testing-library/jest-dom": "^6.6.3",
        "@testing-library/react": "^16.1.0",
        "@testing-library/user-event": "^14.5.2",
        "@types/ua-parser-js": "^0.7.39",
        "@vanilla-extract/css": "1.17.3",
        "@vanilla-extract/css-utils": "0.1.5",
        "@vanilla-extract/dynamic": "2.1.4",
        "@vanilla-extract/private": "1.0.8",
        "@vanilla-extract/sprinkles": "1.6.4",
        "autoprefixer": "^10.4.21",
        "clsx": "2.1.1",
        "cuer": "0.0.3",
        "dotenv": "^16.4.5",
        "jsdom": "^25.0.0",
        "msw": "^2.11.2",
        "nock": "^13.4.0",
        "postcss": "^8.5.5",
        "react": "^19.1.2",
        "react-remove-scroll": "2.6.2",
        "ua-parser-js": "^1.0.37",
        "vitest": "2.1.9"
      }
    },
    "@tanstack/react-query": {
      "version": "file:../../node_modules/.pnpm/@tanstack+react-query@5.90.20_react@18.3.1/node_modules/@tanstack/react-query",
      "requires": {
        "@tanstack/query-core": "5.90.20",
        "@tanstack/query-persist-client-core": "5.91.19",
        "@tanstack/query-test-utils": "0.0.0",
        "@testing-library/react": "^16.1.0",
        "@testing-library/react-render-stream": "^2.0.2",
        "@types/react": "^19.2.7",
        "@types/react-dom": "^19.2.3",
        "@vitejs/plugin-react": "^4.3.4",
        "cpy-cli": "^5.0.0",
        "npm-run-all2": "^5.0.0",
        "react": "^19.2.1",
        "react-dom": "^19.2.1",
        "react-error-boundary": "^4.1.2"
      }
    },
    "@types/react": {
      "version": "file:../../node_modules/.pnpm/@types+react@18.3.27/node_modules/@types/react",
      "requires": {
        "@types/prop-types": "*",
        "csstype": "^3.2.2"
      }
    },
    "@types/react-dom": {
      "version": "file:../../node_modules/.pnpm/@types+react-dom@18.3.7_@types+react@18.3.27/node_modules/@types/react-dom",
      "requires": {}
    },
    "@typescript-eslint/eslint-plugin": {
      "version": "file:../../node_modules/.pnpm/@typescript-eslint+eslint-plugin@7.18.0_@typescript-eslint+parser@7.18.0_eslint@8.57.1_typesc_3fte5ekedzutbuj7523a434ppe/node_modules/@typescript-eslint/eslint-plugin",
      "requires": {
        "@eslint-community/regexpp": "^4.10.0",
        "@jest/types": "29.6.3",
        "@types/marked": "^5.0.2",
        "@types/mdast": "^4.0.3",
        "@types/natural-compare": "*",
        "@typescript-eslint/rule-schema-to-typescript-types": "7.18.0",
        "@typescript-eslint/rule-tester": "7.18.0",
        "@typescript-eslint/scope-manager": "7.18.0",
        "@typescript-eslint/type-utils": "7.18.0",
        "@typescript-eslint/utils": "7.18.0",
        "@typescript-eslint/visitor-keys": "7.18.0",
        "ajv": "^6.12.6",
        "cross-env": "^7.0.3",
        "cross-fetch": "*",
        "eslint": "*",
        "espree": "^10.0.1",
        "graphemer": "^1.4.0",
        "ignore": "^5.3.1",
        "jest": "29.7.0",
        "jest-specific-snapshot": "^8.0.0",
        "json-schema": "*",
        "markdown-table": "^3.0.3",
        "marked": "^5.1.2",
        "mdast-util-from-markdown": "^2.0.0",
        "mdast-util-mdx": "^3.0.0",
        "micromark-extension-mdxjs": "^3.0.0",
        "natural-compare": "^1.4.0",
        "prettier": "^3.2.5",
        "rimraf": "*",
        "title-case": "^3.0.3",
        "ts-api-utils": "^1.3.0",
        "tsx": "*",
        "typescript": "*",
        "unist-util-visit": "^5.0.0"
      }
    },
    "@typescript-eslint/parser": {
      "version": "file:../../node_modules/.pnpm/@typescript-eslint+parser@7.18.0_eslint@8.57.1_typescript@5.9.3/node_modules/@typescript-eslint/parser",
      "requires": {
        "@jest/types": "29.6.3",
        "@types/glob": "*",
        "@typescript-eslint/scope-manager": "7.18.0",
        "@typescript-eslint/types": "7.18.0",
        "@typescript-eslint/typescript-estree": "7.18.0",
        "@typescript-eslint/visitor-keys": "7.18.0",
        "debug": "^4.3.4",
        "downlevel-dts": "*",
        "glob": "*",
        "jest": "29.7.0",
        "prettier": "^3.2.5",
        "rimraf": "*",
        "typescript": "*"
      }
    },
    "@vitejs/plugin-react": {
      "version": "file:../../node_modules/.pnpm/@vitejs+plugin-react@4.7.0_vite@5.4.21_@types+node@20.19.24_terser@5.44.1_/node_modules/@vitejs/plugin-react",
      "requires": {
        "@babel/core": "^7.28.0",
        "@babel/plugin-transform-react-jsx-self": "^7.27.1",
        "@babel/plugin-transform-react-jsx-source": "^7.27.1",
        "@rolldown/pluginutils": "1.0.0-beta.27",
        "@types/babel__core": "^7.20.5",
        "@vitejs/react-common": "workspace:*",
        "babel-plugin-react-compiler": "19.1.0-rc.2",
        "react": "^19.1.0",
        "react-dom": "^19.1.0",
        "react-refresh": "^0.17.0",
        "rolldown": "1.0.0-beta.27",
        "tsdown": "^0.12.9",
        "vitest": "^3.2.4"
      }
    },
    "autoprefixer": {
      "version": "file:../../node_modules/.pnpm/autoprefixer@10.4.21_postcss@8.5.6/node_modules/autoprefixer",
      "requires": {
        "browserslist": "^4.24.4",
        "caniuse-lite": "^1.0.30001702",
        "fraction.js": "^4.3.7",
        "normalize-range": "^0.1.2",
        "picocolors": "^1.1.1",
        "postcss-value-parser": "^4.2.0"
      }
    },
    "eslint": {
      "version": "file:../../node_modules/.pnpm/eslint@8.57.1/node_modules/eslint",
      "requires": {
        "@babel/core": "^7.4.3",
        "@babel/preset-env": "^7.4.3",
        "@eslint-community/eslint-utils": "^4.2.0",
        "@eslint-community/regexpp": "^4.6.1",
        "@eslint/eslintrc": "^2.1.4",
        "@eslint/js": "8.57.1",
        "@humanwhocodes/config-array": "^0.13.0",
        "@humanwhocodes/module-importer": "^1.0.1",
        "@nodelib/fs.walk": "^1.2.8",
        "@sinonjs/fake-timers": "11.2.2",
        "@ungap/structured-clone": "^1.2.0",
        "@wdio/browser-runner": "^8.14.6",
        "@wdio/cli": "^8.14.6",
        "@wdio/concise-reporter": "^8.14.0",
        "@wdio/globals": "^8.14.6",
        "@wdio/mocha-framework": "^8.14.0",
        "ajv": "^6.12.4",
        "babel-loader": "^8.0.5",
        "c8": "^7.12.0",
        "chai": "^4.0.1",
        "chalk": "^4.0.0",
        "cheerio": "^0.22.0",
        "common-tags": "^1.8.0",
        "core-js": "^3.1.3",
        "cross-spawn": "^7.0.2",
        "debug": "^4.3.2",
        "doctrine": "^3.0.0",
        "ejs": "^3.0.2",
        "escape-string-regexp": "^4.0.0",
        "eslint": "file:",
        "eslint-config-eslint": "file:packages/eslint-config-eslint",
        "eslint-plugin-eslint-comments": "^3.2.0",
        "eslint-plugin-eslint-plugin": "^5.2.1",
        "eslint-plugin-internal-rules": "file:tools/internal-rules",
        "eslint-plugin-jsdoc": "^46.2.5",
        "eslint-plugin-n": "^16.6.0",
        "eslint-plugin-unicorn": "^49.0.0",
        "eslint-release": "^3.3.0",
        "eslint-scope": "^7.2.2",
        "eslint-visitor-keys": "^3.4.3",
        "eslump": "^3.0.0",
        "espree": "^9.6.1",
        "esprima": "^4.0.1",
        "esquery": "^1.4.2",
        "esutils": "^2.0.2",
        "fast-deep-equal": "^3.1.3",
        "fast-glob": "^3.2.11",
        "file-entry-cache": "^6.0.1",
        "find-up": "^5.0.0",
        "fs-teardown": "^0.1.3",
        "glob": "^7.1.6",
        "glob-parent": "^6.0.2",
        "globals": "^13.19.0",
        "got": "^11.8.3",
        "graphemer": "^1.4.0",
        "gray-matter": "^4.0.3",
        "ignore": "^5.2.0",
        "imurmurhash": "^0.1.4",
        "is-glob": "^4.0.0",
        "is-path-inside": "^3.0.3",
        "js-yaml": "^4.1.0",
        "json-stable-stringify-without-jsonify": "^1.0.1",
        "levn": "^0.4.1",
        "lint-staged": "^11.0.0",
        "load-perf": "^0.2.0",
        "lodash.merge": "^4.6.2",
        "markdown-it": "^12.2.0",
        "markdown-it-container": "^3.0.0",
        "markdownlint": "^0.32.0",
        "markdownlint-cli": "^0.37.0",
        "marked": "^4.0.8",
        "memfs": "^3.0.1",
        "metascraper": "^5.25.7",
        "metascraper-description": "^5.25.7",
        "metascraper-image": "^5.29.3",
        "metascraper-logo": "^5.25.7",
        "metascraper-logo-favicon": "^5.25.7",
        "metascraper-title": "^5.25.7",
        "minimatch": "^3.1.2",
        "mocha": "^8.3.2",
        "mocha-junit-reporter": "^2.0.0",
        "natural-compare": "^1.4.0",
        "node-polyfill-webpack-plugin": "^1.0.3",
        "npm-license": "^0.3.3",
        "optionator": "^0.9.3",
        "pirates": "^4.0.5",
        "progress": "^2.0.3",
        "proxyquire": "^2.0.1",
        "recast": "^0.23.0",
        "regenerator-runtime": "^0.14.0",
        "rollup-plugin-node-polyfills": "^0.2.1",
        "semver": "^7.5.3",
        "shelljs": "^0.8.2",
        "sinon": "^11.0.0",
        "strip-ansi": "^6.0.1",
        "text-table": "^0.2.0",
        "vite-plugin-commonjs": "0.10.1",
        "webdriverio": "^8.14.6",
        "webpack": "^5.23.0",
        "webpack-cli": "^4.5.0",
        "yorkie": "^2.0.0"
      }
    },
    "eslint-plugin-react-hooks": {
      "version": "file:../../node_modules/.pnpm/eslint-plugin-react-hooks@4.6.2_eslint@8.57.1/node_modules/eslint-plugin-react-hooks",
      "requires": {
        "@typescript-eslint/parser-v2": "npm:@typescript-eslint/parser@^2.26.0",
        "@typescript-eslint/parser-v3": "npm:@typescript-eslint/parser@^3.10.0",
        "@typescript-eslint/parser-v4": "npm:@typescript-eslint/parser@^4.1.0",
        "@typescript-eslint/parser-v5": "npm:@typescript-eslint/parser@^5.0.0-0"
      }
    },
    "eslint-plugin-react-refresh": {
      "version": "file:../../node_modules/.pnpm/eslint-plugin-react-refresh@0.4.26_eslint@8.57.1/node_modules/eslint-plugin-react-refresh",
      "requires": {}
    },
    "postcss": {
      "version": "file:../../node_modules/.pnpm/postcss@8.5.6/node_modules/postcss",
      "requires": {
        "nanoid": "^3.3.11",
        "picocolors": "^1.1.1",
        "source-map-js": "^1.2.1"
      }
    },
    "react": {
      "version": "file:../../node_modules/.pnpm/react@18.3.1/node_modules/react",
      "requires": {
        "loose-envify": "^1.1.0"
      }
    },
    "react-dom": {
      "version": "file:../../node_modules/.pnpm/react-dom@18.3.1_react@18.3.1/node_modules/react-dom",
      "requires": {
        "loose-envify": "^1.1.0",
        "scheduler": "^0.23.2"
      }
    },
    "react-hot-toast": {
      "version": "file:../../node_modules/.pnpm/react-hot-toast@2.6.0_react-dom@18.3.1_react@18.3.1__react@18.3.1/node_modules/react-hot-toast",
      "requires": {
        "@jest/types": "^29.6.3",
        "@size-limit/preset-small-lib": "^7.0.8",
        "@testing-library/jest-dom": "^6.6.3",
        "@testing-library/react": "^16.1.0",
        "@types/jest": "^29.5.14",
        "@types/react": "^18.3.18",
        "@types/react-dom": "^18.3.5",
        "csstype": "^3.1.3",
        "esbuild-minify-templates": "^0.13.1",
        "goober": "^2.1.16",
        "jest": "^29.7.0",
        "jest-environment-jsdom": "^29.7.0",
        "prettier": "^2.8.8",
        "react": "^18.3.1",
        "react-dom": "^18.3.1",
        "size-limit": "^7.0.8",
        "ts-jest": "^29.2.5",
        "tslib": "^2.8.1",
        "tsup": "^6.7.0",
        "typescript": "^5.7.2"
      }
    },
    "tailwindcss": {
      "version": "file:../../node_modules/.pnpm/tailwindcss@3.4.18_yaml@2.8.1/node_modules/tailwindcss",
      "requires": {
        "@alloc/quick-lru": "^5.2.0",
        "@swc/cli": "0.1.62",
        "@swc/core": "1.3.55",
        "@swc/jest": "0.2.26",
        "@swc/register": "0.1.10",
        "arg": "^5.0.2",
        "autoprefixer": "^10.4.20",
        "browserslist": "^4.24.0",
        "chokidar": "^3.6.0",
        "concurrently": "^8.2.2",
        "cssnano": "^6.1.2",
        "didyoumean": "^1.2.2",
        "dlv": "^1.1.3",
        "esbuild": "^0.24.0",
        "eslint": "^8.57.1",
        "eslint-config-prettier": "^8.10.0",
        "eslint-plugin-prettier": "^4.2.1",
        "fast-glob": "^3.3.2",
        "glob-parent": "^6.0.2",
        "is-glob": "^4.0.3",
        "jest": "^29.7.0",
        "jest-diff": "^29.7.0",
        "jiti": "^1.21.7",
        "lightningcss": "1.27.0",
        "lilconfig": "^3.1.3",
        "micromatch": "^4.0.8",
        "normalize-path": "^3.0.0",
        "object-hash": "^3.0.0",
        "picocolors": "^1.1.1",
        "postcss": "^8.4.47",
        "postcss-import": "^15.1.0",
        "postcss-js": "^4.0.1",
        "postcss-load-config": "^4.0.2 || ^5.0 || ^6.0",
        "postcss-nested": "^6.2.0",
        "postcss-selector-parser": "^6.1.2",
        "prettier": "^2.8.8",
        "resolve": "^1.22.8",
        "rimraf": "^5.0.10",
        "source-map-js": "^1.2.1",
        "sucrase": "^3.35.0",
        "turbo": "^1.13.4"
      }
    },
    "typescript": {
      "version": "file:../../node_modules/.pnpm/typescript@5.9.3/node_modules/typescript",
      "requires": {
        "@dprint/formatter": "^0.4.1",
        "@dprint/typescript": "0.93.4",
        "@esfx/canceltoken": "^1.0.0",
        "@eslint/js": "^9.20.0",
        "@octokit/rest": "^21.1.1",
        "@types/chai": "^4.3.20",
        "@types/diff": "^7.0.1",
        "@types/minimist": "^1.2.5",
        "@types/mocha": "^10.0.10",
        "@types/ms": "^0.7.34",
        "@types/node": "latest",
        "@types/source-map-support": "^0.5.10",
        "@types/which": "^3.0.4",
        "@typescript-eslint/rule-tester": "^8.24.1",
        "@typescript-eslint/type-utils": "^8.24.1",
        "@typescript-eslint/utils": "^8.24.1",
        "azure-devops-node-api": "^14.1.0",
        "c8": "^10.1.3",
        "chai": "^4.5.0",
        "chokidar": "^4.0.3",
        "diff": "^7.0.0",
        "dprint": "^0.49.0",
        "esbuild": "^0.25.0",
        "eslint": "^9.20.1",
        "eslint-formatter-autolinkable-stylish": "^1.4.0",
        "eslint-plugin-regexp": "^2.7.0",
        "fast-xml-parser": "^4.5.2",
        "glob": "^10.4.5",
        "globals": "^15.15.0",
        "hereby": "^1.10.0",
        "jsonc-parser": "^3.3.1",
        "knip": "^5.44.4",
        "minimist": "^1.2.8",
        "mocha": "^10.8.2",
        "mocha-fivemat-progress-reporter": "^0.1.0",
        "monocart-coverage-reports": "^2.12.1",
        "ms": "^2.1.3",
        "picocolors": "^1.1.1",
        "playwright": "^1.50.1",
        "source-map-support": "^0.5.21",
        "tslib": "^2.8.1",
        "typescript": "^5.7.3",
        "typescript-eslint": "^8.24.1",
        "which": "^3.0.1"
      }
    },
    "viem": {
      "version": "file:../../node_modules/.pnpm/viem@2.38.6_bufferutil@4.0.9_typescript@5.9.3_utf-8-validate@5.0.10_zod@3.25.76/node_modules/viem",
      "requires": {
        "@noble/curves": "1.9.1",
        "@noble/hashes": "1.8.0",
        "@scure/bip32": "1.7.0",
        "@scure/bip39": "1.6.0",
        "abitype": "1.1.0",
        "isows": "1.0.7",
        "ox": "0.9.6",
        "ws": "8.18.3"
      }
    },
    "vite": {
      "version": "file:../../node_modules/.pnpm/vite@5.4.21_@types+node@20.19.24_terser@5.44.1/node_modules/vite",
      "requires": {
        "@ampproject/remapping": "^2.3.0",
        "@babel/parser": "^7.25.6",
        "@jridgewell/trace-mapping": "^0.3.25",
        "@polka/compression": "^1.0.0-next.25",
        "@rollup/plugin-alias": "^5.1.0",
        "@rollup/plugin-commonjs": "^26.0.1",
        "@rollup/plugin-dynamic-import-vars": "^2.1.2",
        "@rollup/plugin-json": "^6.1.0",
        "@rollup/plugin-node-resolve": "15.2.3",
        "@rollup/pluginutils": "^5.1.0",
        "@types/escape-html": "^1.0.4",
        "@types/pnpapi": "^0.0.5",
        "artichokie": "^0.2.1",
        "cac": "^6.7.14",
        "chokidar": "^3.6.0",
        "connect": "^3.7.0",
        "convert-source-map": "^2.0.0",
        "cors": "^2.8.5",
        "cross-spawn": "^7.0.3",
        "debug": "^4.3.6",
        "dep-types": "link:./src/types",
        "dotenv": "^16.4.5",
        "dotenv-expand": "^11.0.6",
        "es-module-lexer": "^1.5.4",
        "esbuild": "^0.21.3",
        "escape-html": "^1.0.3",
        "estree-walker": "^3.0.3",
        "etag": "^1.8.1",
        "fast-glob": "^3.3.2",
        "fsevents": "~2.3.3",
        "http-proxy": "^1.18.1",
        "launch-editor-middleware": "^2.9.1",
        "lightningcss": "^1.26.0",
        "magic-string": "^0.30.11",
        "micromatch": "^4.0.8",
        "mlly": "^1.7.1",
        "mrmime": "^2.0.0",
        "open": "^8.4.2",
        "parse5": "^7.1.2",
        "pathe": "^1.1.2",
        "periscopic": "^4.0.2",
        "picocolors": "^1.0.1",
        "picomatch": "^2.3.1",
        "postcss": "^8.4.43",
        "postcss-import": "^16.1.0",
        "postcss-load-config": "^4.0.2",
        "postcss-modules": "^6.0.0",
        "resolve.exports": "^2.0.2",
        "rollup": "^4.20.0",
        "rollup-plugin-dts": "^6.1.1",
        "rollup-plugin-esbuild": "^6.1.1",
        "rollup-plugin-license": "^3.5.2",
        "sass": "^1.77.8",
        "sass-embedded": "^1.77.8",
        "sirv": "^2.0.4",
        "source-map-support": "^0.5.21",
        "strip-ansi": "^7.1.0",
        "strip-literal": "^2.1.0",
        "tsconfck": "^3.1.4",
        "tslib": "^2.7.0",
        "types": "link:./types",
        "ufo": "^1.5.4",
        "ws": "^8.18.0"
      }
    },
    "wagmi": {
      "version": "file:../../node_modules/.pnpm/wagmi@2.19.5_@tanstack+query-core@5.90.20_@tanstack+react-query@5.90.20_react@18.3.1__@types+_ayu76eobpq3uktyyl7a5wlimpm/node_modules/wagmi",
      "requires": {
        "@wagmi/connectors": "6.2.0",
        "@wagmi/core": "2.22.1",
        "use-sync-external-store": "1.4.0"
      }
    }
  }
}
